
Microsoft Visual Studio Solution File, Format Version 12.00
# Visual Studio 15
VisualStudioVersion = 15.0.27703.2042
MinimumVisualStudioVersion = 10.0.40219.1
Project("{FAE04EC0-301F-11D3-BF4B-00C04F79EFBC}") = "09-面向对象继承", "09-面向对象继承\09-面向对象继承.csproj", "{E6D343EA-897E-44C0-8D5E-D0991B33AB44}"
EndProject
Project("{FAE04EC0-301F-11D3-BF4B-00C04F79EFBC}") = "复习", "复习\复习.csproj", "{EAC921A0-C269-42C0-9791-C92B46AEC506}"
EndProject
Project("{FAE04EC0-301F-11D3-BF4B-00C04F79EFBC}") = "字符串方法1", "字符串方法1\字符串方法1.csproj", "{D8AFA300-42E8-48EF-BDE7-805774193AC3}"
EndProject
Project("{FAE04EC0-301F-11D3-BF4B-00C04F79EFBC}") = "练习1", "练习1\练习1.csproj", "{8A34A718-4AC8-4DEB-AF5E-0B05B47B51CE}"
EndProject
Project("{FAE04EC0-301F-11D3-BF4B-00C04F79EFBC}") = "继承", "继承\继承.csproj", "{4BAA63AE-A04B-43CE-B429-A64085FA477F}"
EndProject
Project("{FAE04EC0-301F-11D3-BF4B-00C04F79EFBC}") = "继承练习", "继承练习\继承练习.csproj", "{4718BCA6-6958-4604-9181-3A5FE10F6107}"
EndProject
Project("{FAE04EC0-301F-11D3-BF4B-00C04F79EFBC}") = "里式转换练习", "里式转换练习\里式转换练习.csproj", "{004106AC-5AC8-45E5-94FE-1A6F4D3C9907}"
EndProject
Project("{FAE04EC0-301F-11D3-BF4B-00C04F79EFBC}") = "ArrayList集合", "ArrayList集合\ArrayList集合.csproj", "{DFFE9A19-048C-4223-9C9B-09F43FFEC557}"
EndProject
Global
	GlobalSection(SolutionConfigurationPlatforms) = preSolution
		Debug|Any CPU = Debug|Any CPU
		Release|Any CPU = Release|Any CPU
	EndGlobalSection
	GlobalSection(ProjectConfigurationPlatforms) = postSolution
		{E6D343EA-897E-44C0-8D5E-D0991B33AB44}.Debug|Any CPU.ActiveCfg = Debug|Any CPU
		{E6D343EA-897E-44C0-8D5E-D0991B33AB44}.Debug|Any CPU.Build.0 = Debug|Any CPU
		{E6D343EA-897E-44C0-8D5E-D0991B33AB44}.Release|Any CPU.ActiveCfg = Release|Any CPU
		{E6D343EA-897E-44C0-8D5E-D0991B33AB44}.Release|Any CPU.Build.0 = Release|Any CPU
		{EAC921A0-C269-42C0-9791-C92B46AEC506}.Debug|Any CPU.ActiveCfg = Debug|Any CPU
		{EAC921A0-C269-42C0-9791-C92B46AEC506}.Debug|Any CPU.Build.0 = Debug|Any CPU
		{EAC921A0-C269-42C0-9791-C92B46AEC506}.Release|Any CPU.ActiveCfg = Release|Any CPU
		{EAC921A0-C269-42C0-9791-C92B46AEC506}.Release|Any CPU.Build.0 = Release|Any CPU
		{D8AFA300-42E8-48EF-BDE7-805774193AC3}.Debug|Any CPU.ActiveCfg = Debug|Any CPU
		{D8AFA300-42E8-48EF-BDE7-805774193AC3}.Debug|Any CPU.Build.0 = Debug|Any CPU
		{D8AFA300-42E8-48EF-BDE7-805774193AC3}.Release|Any CPU.ActiveCfg = Release|Any CPU
		{D8AFA300-42E8-48EF-BDE7-805774193AC3}.Release|Any CPU.Build.0 = Release|Any CPU
		{8A34A718-4AC8-4DEB-AF5E-0B05B47B51CE}.Debug|Any CPU.ActiveCfg = Debug|Any CPU
		{8A34A718-4AC8-4DEB-AF5E-0B05B47B51CE}.Debug|Any CPU.Build.0 = Debug|Any CPU
		{8A34A718-4AC8-4DEB-AF5E-0B05B47B51CE}.Release|Any CPU.ActiveCfg = Release|Any CPU
		{8A34A718-4AC8-4DEB-AF5E-0B05B47B51CE}.Release|Any CPU.Build.0 = Release|Any CPU
		{4BAA63AE-A04B-43CE-B429-A64085FA477F}.Debug|Any CPU.ActiveCfg = Debug|Any CPU
		{4BAA63AE-A04B-43CE-B429-A64085FA477F}.Debug|Any CPU.Build.0 = Debug|Any CPU
		{4BAA63AE-A04B-43CE-B429-A64085FA477F}.Release|Any CPU.ActiveCfg = Release|Any CPU
		{4BAA63AE-A04B-43CE-B429-A64085FA477F}.Release|Any CPU.Build.0 = Release|Any CPU
		{4718BCA6-6958-4604-9181-3A5FE10F6107}.Debug|Any CPU.ActiveCfg = Debug|Any CPU
		{4718BCA6-6958-4604-9181-3A5FE10F6107}.Debug|Any CPU.Build.0 = Debug|Any CPU
		{4718BCA6-6958-4604-9181-3A5FE10F6107}.Release|Any CPU.ActiveCfg = Release|Any CPU
		{4718BCA6-6958-4604-9181-3A5FE10F6107}.Release|Any CPU.Build.0 = Release|Any CPU
		{004106AC-5AC8-45E5-94FE-1A6F4D3C9907}.Debug|Any CPU.ActiveCfg = Debug|Any CPU
		{004106AC-5AC8-45E5-94FE-1A6F4D3C9907}.Debug|Any CPU.Build.0 = Debug|Any CPU
		{004106AC-5AC8-45E5-94FE-1A6F4D3C9907}.Release|Any CPU.ActiveCfg = Release|Any CPU
		{004106AC-5AC8-45E5-94FE-1A6F4D3C9907}.Release|Any CPU.Build.0 = Release|Any CPU
		{DFFE9A19-048C-4223-9C9B-09F43FFEC557}.Debug|Any CPU.ActiveCfg = Debug|Any CPU
		{DFFE9A19-048C-4223-9C9B-09F43FFEC557}.Debug|Any CPU.Build.0 = Debug|Any CPU
		{DFFE9A19-048C-4223-9C9B-09F43FFEC557}.Release|Any CPU.ActiveCfg = Release|Any CPU
		{DFFE9A19-048C-4223-9C9B-09F43FFEC557}.Release|Any CPU.Build.0 = Release|Any CPU
	EndGlobalSection
	GlobalSection(SolutionProperties) = preSolution
		HideSolutionNode = FALSE
	EndGlobalSection
	GlobalSection(ExtensibilityGlobals) = postSolution
		SolutionGuid = {AA742DDF-2733-4AD0-9577-883D4E8A9F0B}
	EndGlobalSection
EndGlobal
